
Microsoft Visual Studio Solution File, Format Version 12.00
# Visual Studio Version 17
VisualStudioVersion = 17.8.34601.278
MinimumVisualStudioVersion = 10.0.40219.1
Project("{FAE04EC0-301F-11D3-BF4B-00C04F79EFBC}") = "Code1", "Code1.csproj", "{C502F7C8-E71F-494B-8B33-4566E2E80EFE}"
EndProject
Global
	GlobalSection(SolutionConfigurationPlatforms) = preSolution
		Debug|Any CPU = Debug|Any CPU
		Release|Any CPU = Release|Any CPU
	EndGlobalSection
	GlobalSection(ProjectConfigurationPlatforms) = postSolution
		{C502F7C8-E71F-494B-8B33-4566E2E80EFE}.Debug|Any CPU.ActiveCfg = Debug|Any CPU
		{C502F7C8-E71F-494B-8B33-4566E2E80EFE}.Debug|Any CPU.Build.0 = Debug|Any CPU
		{C502F7C8-E71F-494B-8B33-4566E2E80EFE}.Release|Any CPU.ActiveCfg = Release|Any CPU
		{C502F7C8-E71F-494B-8B33-4566E2E80EFE}.Release|Any CPU.Build.0 = Release|Any CPU
	EndGlobalSection
	GlobalSection(SolutionProperties) = preSolution
		HideSolutionNode = FALSE
	EndGlobalSection
	GlobalSection(ExtensibilityGlobals) = postSolution
		SolutionGuid = {A3B0E28A-F400-4917-B77E-1829C2BE7BE8}
	EndGlobalSection
EndGlobal
