<?xml version="1.0" encoding="utf-8"?>
<Project ToolsVersion="4.0" xmlns="http://schemas.microsoft.com/developer/msbuild/2003">
  <ItemGroup>
    <Filter Include="Исходные файлы">
      <UniqueIdentifier>{4FC737F1-C7A5-4376-A066-2A32D752A2FF}</UniqueIdentifier>
      <Extensions>cpp;c;cc;cxx;c++;cppm;ixx;def;odl;idl;hpj;bat;asm;asmx</Extensions>
    </Filter>
    <Filter Include="Файлы заголовков">
      <UniqueIdentifier>{93995380-89BD-4b04-88EB-625FBE52EBFB}</UniqueIdentifier>
      <Extensions>h;hh;hpp;hxx;h++;hm;inl;inc;ipp;xsd</Extensions>
    </Filter>
    <Filter Include="Файлы ресурсов">
      <UniqueIdentifier>{67DA6AB6-F800-4c08-8B7A-83BB121AAD01}</UniqueIdentifier>
      <Extensions>rc;ico;cur;bmp;dlg;rc2;rct;bin;rgs;gif;jpg;jpeg;jpe;resx;tiff;tif;png;wav;mfcribbon-ms</Extensions>
    </Filter>
    <Filter Include="Файлы заголовков\Акторы">
      <UniqueIdentifier>{7c14fe59-53ef-455b-bc10-12404653c106}</UniqueIdentifier>
    </Filter>
    <Filter Include="Файлы заголовков\Аппарат">
      <UniqueIdentifier>{5895eb1e-cd12-405a-bba5-0cb579345a67}</UniqueIdentifier>
    </Filter>
    <Filter Include="Исходные файлы\Аппарат">
      <UniqueIdentifier>{e1ba6605-9b03-4f42-9519-e8bbe6da1dc0}</UniqueIdentifier>
    </Filter>
  </ItemGroup>
  <ItemGroup>
    <ClCompile Include="main.cpp">
      <Filter>Исходные файлы</Filter>
    </ClCompile>
    <ClCompile Include="BankCard.cpp">
      <Filter>Исходные файлы</Filter>
    </ClCompile>
    <ClCompile Include="ATM.cpp">
      <Filter>Исходные файлы\Аппарат</Filter>
    </ClCompile>
    <ClCompile Include="BillAcceptor.cpp">
      <Filter>Исходные файлы\Аппарат</Filter>
    </ClCompile>
    <ClCompile Include="ATM_UI.cpp">
      <Filter>Исходные файлы\Аппарат</Filter>
    </ClCompile>
    <ClCompile Include="CardReader.cpp">
      <Filter>Исходные файлы\Аппарат</Filter>
    </ClCompile>
    <ClCompile Include="Client.cpp">
      <Filter>Исходные файлы</Filter>
    </ClCompile>
    <ClCompile Include="CashHandler.cpp">
      <Filter>Исходные файлы\Аппарат</Filter>
    </ClCompile>
  </ItemGroup>
  <ItemGroup>
    <ClInclude Include="Person.h">
      <Filter>Файлы заголовков\Акторы</Filter>
    </ClInclude>
    <ClInclude Include="Client.h">
      <Filter>Файлы заголовков\Акторы</Filter>
    </ClInclude>
    <ClInclude Include="Worker.h">
      <Filter>Файлы заголовков\Акторы</Filter>
    </ClInclude>
    <ClInclude Include="Collector.h">
      <Filter>Файлы заголовков\Акторы</Filter>
    </ClInclude>
    <ClInclude Include="BankOfficer.h">
      <Filter>Файлы заголовков\Акторы</Filter>
    </ClInclude>
    <ClInclude Include="ATM.h">
      <Filter>Файлы заголовков\Аппарат</Filter>
    </ClInclude>
    <ClInclude Include="BillAcceptor.h">
      <Filter>Файлы заголовков\Аппарат</Filter>
    </ClInclude>
    <ClInclude Include="CardReader.h">
      <Filter>Файлы заголовков\Аппарат</Filter>
    </ClInclude>
    <ClInclude Include="CashHandler.h">
      <Filter>Файлы заголовков\Аппарат</Filter>
    </ClInclude>
    <ClInclude Include="BankCard.h">
      <Filter>Файлы заголовков</Filter>
    </ClInclude>
    <ClInclude Include="ATM_UI.h">
      <Filter>Файлы заголовков\Аппарат</Filter>
    </ClInclude>
  </ItemGroup>
</Project>